<Solution>
  <Folder Name="/Api/">
    <Project Path="Api/EvilCase.Api.Client/EvilCase.Api.Client.csproj" />
    <Project Path="Api/EvilCase.Api.Contract/EvilCase.Api.Contract.csproj" />
    <Project Path="Api/EvilCase.Api/EvilCase.Api.csproj" />
  </Folder>
  <Folder Name="/App/">
    <Project Path="App/EvilCase.App/EvilCase.App.csproj" />
  </Folder>
  <Folder Name="/Common/">
    <Project Path="Common/EvilCase.Auth/EvilCase.Auth.csproj" />
    <Project Path="Common/EvilCase.Import/EvilCase.Import.csproj" />
  </Folder>
  <Project Path="EvilCase.Host/EvilCase.Host.csproj" />
  <Folder Name="/Data/">
    <Project Path="Data/EvilCase.Data.Migrations/EvilCase.Data.Migrations.csproj" />
    <Project Path="Data/EvilCase.Data/EvilCase.Data.csproj" />
  </Folder>
  <Folder Name="/Tests/">
    <Project Path="Tests/EvilCase.Tests/EvilCase.Tests.csproj" />
  </Folder>
  <Folder Name="/Utils/">
    <Project Path="Utils/EvilBrains.Analyzers/EvilBrains.Analyzers.csproj" />
    <Project Path="Utils/EvilBrains.ApiClient.Generator/EvilBrains.ApiClient.Generator.csproj" />
    <Project Path="Utils/EvilBrains.ApiClient/EvilBrains.ApiClient.csproj" />
    <Project Path="Utils/EvilBrains.Collections/EvilBrains.Collections.csproj" />
    <Project Path="Utils/EvilBrains.Cryptography/EvilBrains.Cryptography.csproj" />
    <Project Path="Utils/EvilBrains.EntityFramework/EvilBrains.EntityFramework.csproj" />
    <Project Path="Utils/EvilBrains.Logging.AspNetCore/EvilBrains.Logging.AspNetCore.csproj" />
    <Project Path="Utils/EvilBrains.Logging.Contract/EvilBrains.Logging.Contract.csproj" />
    <Project Path="Utils/EvilBrains.Logging.WebAssembly/EvilBrains.Logging.WebAssembly.csproj" />
    <Project Path="Utils/EvilBrains.Secrets.Infisical/EvilBrains.Secrets.Infisical.csproj" />
  </Folder>
  <Folder Name="/Utils/Tests/">
    <Project Path="Utils/Tests/EvilBrains.Utils.Tests/EvilBrains.Utils.Tests.csproj" />
  </Folder>
</Solution>
