
Microsoft Visual Studio Solution File, Format Version 12.00
Project("{2150E333-8FDC-42A3-9474-1A3956D46DE8}") = "Utils", "Utils", "{3FAEE94A-9360-46CE-B920-7F1AE84F3A97}"
EndProject
Project("{2150E333-8FDC-42A3-9474-1A3956D46DE8}") = "Data", "Data", "{9E71139F-5F42-4876-AAED-59E095D683D3}"
EndProject
Project("{2150E333-8FDC-42A3-9474-1A3956D46DE8}") = "Api", "Api", "{E1ADC76F-2E86-4E36-8ED9-99B07D5C50FC}"
EndProject
Project("{FAE04EC0-301F-11D3-BF4B-00C04F79EFBC}") = "EvilBrains.AI.Api", "Api\EvilBrains.AI.Api\EvilBrains.AI.Api.csproj", "{286E6F2F-323C-4FED-8CAD-5474B54468CF}"
EndProject
Project("{FAE04EC0-301F-11D3-BF4B-00C04F79EFBC}") = "EvilBrains.AI.Data", "Data\EvilBrains.AI.Data\EvilBrains.AI.Data.csproj", "{12B704C0-15A7-4C4C-9C47-CFCE1A938C5C}"
EndProject
Project("{FAE04EC0-301F-11D3-BF4B-00C04F79EFBC}") = "EvilBrains.AI.Data.Migrations", "Data\EvilBrains.AI.Data.Migrations\EvilBrains.AI.Data.Migrations.csproj", "{E962A5C3-F78D-4EC9-8FCC-FA80D0869D17}"
EndProject
Project("{2150E333-8FDC-42A3-9474-1A3956D46DE8}") = "Tests", "Tests", "{DAADE662-EFCA-478B-A979-286EC2A8E293}"
EndProject
Project("{FAE04EC0-301F-11D3-BF4B-00C04F79EFBC}") = "EvilBrains.AI.Tests", "Tests\EvilBrains.AI.Tests\EvilBrains.AI.Tests.csproj", "{93BC97D6-462C-4512-8DF1-537FD310392C}"
EndProject
Project("{FAE04EC0-301F-11D3-BF4B-00C04F79EFBC}") = "EvilBrains.Logging", "Utils\EvilBrains.Logging\EvilBrains.Logging.csproj", "{65252C72-A82C-455D-9112-3E0CDEDAA43D}"
EndProject
Project("{FAE04EC0-301F-11D3-BF4B-00C04F79EFBC}") = "EvilBrains.Logging.AspNetCore", "Utils\EvilBrains.Logging.AspNetCore\EvilBrains.Logging.AspNetCore.csproj", "{CAF33651-2F4D-41EF-8296-20013039A130}"
EndProject
Project("{2150E333-8FDC-42A3-9474-1A3956D46DE8}") = "AI", "AI", "{4BA6C27E-628B-4262-BE89-4B2966A89AD5}"
EndProject
Project("{FAE04EC0-301F-11D3-BF4B-00C04F79EFBC}") = "EvilBrains.AI.OpenAI", "AI\EvilBrains.AI.OpenAI\EvilBrains.AI.OpenAI.csproj", "{0132409F-5612-496E-A622-F6C1A39D2DE1}"
EndProject
Project("{FAE04EC0-301F-11D3-BF4B-00C04F79EFBC}") = "EvilBrains.Collections", "Utils\EvilBrains.Collections\EvilBrains.Collections.csproj", "{FE5E310F-964D-4EFE-B1D2-30AA59087464}"
EndProject
Project("{2150E333-8FDC-42A3-9474-1A3956D46DE8}") = "Tests", "Tests", "{01893227-D42A-4730-B2E4-7A1455DEBFE1}"
EndProject
Project("{FAE04EC0-301F-11D3-BF4B-00C04F79EFBC}") = "EvilBrains.Utils.Tests", "Utils\Tests\EvilBrains.Utils.Tests\EvilBrains.Utils.Tests.csproj", "{607B2A86-3D2D-45DE-9FB9-252FF7F76B7D}"
EndProject
Project("{FAE04EC0-301F-11D3-BF4B-00C04F79EFBC}") = "EvilBrains.EntityFramework", "Utils\EvilBrains.EntityFramework\EvilBrains.EntityFramework.csproj", "{2FC3AE6D-91E6-4069-B4BC-72BFFAD04DC1}"
EndProject
Project("{FAE04EC0-301F-11D3-BF4B-00C04F79EFBC}") = "EvilBrains.Cryptography", "Utils\EvilBrains.Cryptography\EvilBrains.Cryptography.csproj", "{BDCE3240-003A-4959-86F7-3F715AF381BA}"
EndProject
Project("{2150E333-8FDC-42A3-9474-1A3956D46DE8}") = "Common", "Common", "{E5C9BDFB-688E-469B-9028-A54EF0ACB1C6}"
EndProject
Project("{FAE04EC0-301F-11D3-BF4B-00C04F79EFBC}") = "EvilBrains.AI.Auth", "Common\EvilBrains.AI.Auth\EvilBrains.AI.Auth.csproj", "{3DF72889-2284-494F-BA7B-5A50CDA27A82}"
EndProject
Project("{FAE04EC0-301F-11D3-BF4B-00C04F79EFBC}") = "EvilBrains.Secrets", "Common\EvilBrains.Secrets\EvilBrains.Secrets.csproj", "{4724E81D-F2BC-4DE0-BF7B-CC693AD36D55}"
EndProject
Project("{FAE04EC0-301F-11D3-BF4B-00C04F79EFBC}") = "EvilBrains.AI.Secrets", "Common\EvilBrains.AI.Secrets\EvilBrains.AI.Secrets.csproj", "{8657EBEE-685D-4C89-B92E-72D5071F881F}"
EndProject
Project("{FAE04EC0-301F-11D3-BF4B-00C04F79EFBC}") = "EvilBrains.Logging.TypedValues", "Utils\EvilBrains.Logging.TypedValues\EvilBrains.Logging.TypedValues.csproj", "{13B58302-300A-4EF8-A775-93E1FCD83E70}"
EndProject
Global
	GlobalSection(SolutionConfigurationPlatforms) = preSolution
		Debug|Any CPU = Debug|Any CPU
		Release|Any CPU = Release|Any CPU
	EndGlobalSection
	GlobalSection(NestedProjects) = preSolution
		{286E6F2F-323C-4FED-8CAD-5474B54468CF} = {E1ADC76F-2E86-4E36-8ED9-99B07D5C50FC}
		{12B704C0-15A7-4C4C-9C47-CFCE1A938C5C} = {9E71139F-5F42-4876-AAED-59E095D683D3}
		{E962A5C3-F78D-4EC9-8FCC-FA80D0869D17} = {9E71139F-5F42-4876-AAED-59E095D683D3}
		{93BC97D6-462C-4512-8DF1-537FD310392C} = {DAADE662-EFCA-478B-A979-286EC2A8E293}
		{65252C72-A82C-455D-9112-3E0CDEDAA43D} = {3FAEE94A-9360-46CE-B920-7F1AE84F3A97}
		{CAF33651-2F4D-41EF-8296-20013039A130} = {3FAEE94A-9360-46CE-B920-7F1AE84F3A97}
		{0132409F-5612-496E-A622-F6C1A39D2DE1} = {4BA6C27E-628B-4262-BE89-4B2966A89AD5}
		{FE5E310F-964D-4EFE-B1D2-30AA59087464} = {3FAEE94A-9360-46CE-B920-7F1AE84F3A97}
		{01893227-D42A-4730-B2E4-7A1455DEBFE1} = {3FAEE94A-9360-46CE-B920-7F1AE84F3A97}
		{607B2A86-3D2D-45DE-9FB9-252FF7F76B7D} = {01893227-D42A-4730-B2E4-7A1455DEBFE1}
		{2FC3AE6D-91E6-4069-B4BC-72BFFAD04DC1} = {3FAEE94A-9360-46CE-B920-7F1AE84F3A97}
		{BDCE3240-003A-4959-86F7-3F715AF381BA} = {3FAEE94A-9360-46CE-B920-7F1AE84F3A97}
		{3DF72889-2284-494F-BA7B-5A50CDA27A82} = {E5C9BDFB-688E-469B-9028-A54EF0ACB1C6}
		{4724E81D-F2BC-4DE0-BF7B-CC693AD36D55} = {E5C9BDFB-688E-469B-9028-A54EF0ACB1C6}
		{8657EBEE-685D-4C89-B92E-72D5071F881F} = {E5C9BDFB-688E-469B-9028-A54EF0ACB1C6}
		{13B58302-300A-4EF8-A775-93E1FCD83E70} = {3FAEE94A-9360-46CE-B920-7F1AE84F3A97}
	EndGlobalSection
	GlobalSection(ProjectConfigurationPlatforms) = postSolution
		{286E6F2F-323C-4FED-8CAD-5474B54468CF}.Debug|Any CPU.ActiveCfg = Debug|Any CPU
		{286E6F2F-323C-4FED-8CAD-5474B54468CF}.Debug|Any CPU.Build.0 = Debug|Any CPU
		{286E6F2F-323C-4FED-8CAD-5474B54468CF}.Release|Any CPU.ActiveCfg = Release|Any CPU
		{286E6F2F-323C-4FED-8CAD-5474B54468CF}.Release|Any CPU.Build.0 = Release|Any CPU
		{12B704C0-15A7-4C4C-9C47-CFCE1A938C5C}.Debug|Any CPU.ActiveCfg = Debug|Any CPU
		{12B704C0-15A7-4C4C-9C47-CFCE1A938C5C}.Debug|Any CPU.Build.0 = Debug|Any CPU
		{12B704C0-15A7-4C4C-9C47-CFCE1A938C5C}.Release|Any CPU.ActiveCfg = Release|Any CPU
		{12B704C0-15A7-4C4C-9C47-CFCE1A938C5C}.Release|Any CPU.Build.0 = Release|Any CPU
		{E962A5C3-F78D-4EC9-8FCC-FA80D0869D17}.Debug|Any CPU.ActiveCfg = Debug|Any CPU
		{E962A5C3-F78D-4EC9-8FCC-FA80D0869D17}.Debug|Any CPU.Build.0 = Debug|Any CPU
		{E962A5C3-F78D-4EC9-8FCC-FA80D0869D17}.Release|Any CPU.ActiveCfg = Release|Any CPU
		{E962A5C3-F78D-4EC9-8FCC-FA80D0869D17}.Release|Any CPU.Build.0 = Release|Any CPU
		{93BC97D6-462C-4512-8DF1-537FD310392C}.Debug|Any CPU.ActiveCfg = Debug|Any CPU
		{93BC97D6-462C-4512-8DF1-537FD310392C}.Debug|Any CPU.Build.0 = Debug|Any CPU
		{93BC97D6-462C-4512-8DF1-537FD310392C}.Release|Any CPU.ActiveCfg = Release|Any CPU
		{93BC97D6-462C-4512-8DF1-537FD310392C}.Release|Any CPU.Build.0 = Release|Any CPU
		{65252C72-A82C-455D-9112-3E0CDEDAA43D}.Debug|Any CPU.ActiveCfg = Debug|Any CPU
		{65252C72-A82C-455D-9112-3E0CDEDAA43D}.Debug|Any CPU.Build.0 = Debug|Any CPU
		{65252C72-A82C-455D-9112-3E0CDEDAA43D}.Release|Any CPU.ActiveCfg = Release|Any CPU
		{65252C72-A82C-455D-9112-3E0CDEDAA43D}.Release|Any CPU.Build.0 = Release|Any CPU
		{CAF33651-2F4D-41EF-8296-20013039A130}.Debug|Any CPU.ActiveCfg = Debug|Any CPU
		{CAF33651-2F4D-41EF-8296-20013039A130}.Debug|Any CPU.Build.0 = Debug|Any CPU
		{CAF33651-2F4D-41EF-8296-20013039A130}.Release|Any CPU.ActiveCfg = Release|Any CPU
		{CAF33651-2F4D-41EF-8296-20013039A130}.Release|Any CPU.Build.0 = Release|Any CPU
		{0132409F-5612-496E-A622-F6C1A39D2DE1}.Debug|Any CPU.ActiveCfg = Debug|Any CPU
		{0132409F-5612-496E-A622-F6C1A39D2DE1}.Debug|Any CPU.Build.0 = Debug|Any CPU
		{0132409F-5612-496E-A622-F6C1A39D2DE1}.Release|Any CPU.ActiveCfg = Release|Any CPU
		{0132409F-5612-496E-A622-F6C1A39D2DE1}.Release|Any CPU.Build.0 = Release|Any CPU
		{FE5E310F-964D-4EFE-B1D2-30AA59087464}.Debug|Any CPU.ActiveCfg = Debug|Any CPU
		{FE5E310F-964D-4EFE-B1D2-30AA59087464}.Debug|Any CPU.Build.0 = Debug|Any CPU
		{FE5E310F-964D-4EFE-B1D2-30AA59087464}.Release|Any CPU.ActiveCfg = Release|Any CPU
		{FE5E310F-964D-4EFE-B1D2-30AA59087464}.Release|Any CPU.Build.0 = Release|Any CPU
		{607B2A86-3D2D-45DE-9FB9-252FF7F76B7D}.Debug|Any CPU.ActiveCfg = Debug|Any CPU
		{607B2A86-3D2D-45DE-9FB9-252FF7F76B7D}.Debug|Any CPU.Build.0 = Debug|Any CPU
		{607B2A86-3D2D-45DE-9FB9-252FF7F76B7D}.Release|Any CPU.ActiveCfg = Release|Any CPU
		{607B2A86-3D2D-45DE-9FB9-252FF7F76B7D}.Release|Any CPU.Build.0 = Release|Any CPU
		{2FC3AE6D-91E6-4069-B4BC-72BFFAD04DC1}.Debug|Any CPU.ActiveCfg = Debug|Any CPU
		{2FC3AE6D-91E6-4069-B4BC-72BFFAD04DC1}.Debug|Any CPU.Build.0 = Debug|Any CPU
		{2FC3AE6D-91E6-4069-B4BC-72BFFAD04DC1}.Release|Any CPU.ActiveCfg = Release|Any CPU
		{2FC3AE6D-91E6-4069-B4BC-72BFFAD04DC1}.Release|Any CPU.Build.0 = Release|Any CPU
		{BDCE3240-003A-4959-86F7-3F715AF381BA}.Debug|Any CPU.ActiveCfg = Debug|Any CPU
		{BDCE3240-003A-4959-86F7-3F715AF381BA}.Debug|Any CPU.Build.0 = Debug|Any CPU
		{BDCE3240-003A-4959-86F7-3F715AF381BA}.Release|Any CPU.ActiveCfg = Release|Any CPU
		{BDCE3240-003A-4959-86F7-3F715AF381BA}.Release|Any CPU.Build.0 = Release|Any CPU
		{3DF72889-2284-494F-BA7B-5A50CDA27A82}.Debug|Any CPU.ActiveCfg = Debug|Any CPU
		{3DF72889-2284-494F-BA7B-5A50CDA27A82}.Debug|Any CPU.Build.0 = Debug|Any CPU
		{3DF72889-2284-494F-BA7B-5A50CDA27A82}.Release|Any CPU.ActiveCfg = Release|Any CPU
		{3DF72889-2284-494F-BA7B-5A50CDA27A82}.Release|Any CPU.Build.0 = Release|Any CPU
		{4724E81D-F2BC-4DE0-BF7B-CC693AD36D55}.Debug|Any CPU.ActiveCfg = Debug|Any CPU
		{4724E81D-F2BC-4DE0-BF7B-CC693AD36D55}.Debug|Any CPU.Build.0 = Debug|Any CPU
		{4724E81D-F2BC-4DE0-BF7B-CC693AD36D55}.Release|Any CPU.ActiveCfg = Release|Any CPU
		{4724E81D-F2BC-4DE0-BF7B-CC693AD36D55}.Release|Any CPU.Build.0 = Release|Any CPU
		{8657EBEE-685D-4C89-B92E-72D5071F881F}.Debug|Any CPU.ActiveCfg = Debug|Any CPU
		{8657EBEE-685D-4C89-B92E-72D5071F881F}.Debug|Any CPU.Build.0 = Debug|Any CPU
		{8657EBEE-685D-4C89-B92E-72D5071F881F}.Release|Any CPU.ActiveCfg = Release|Any CPU
		{8657EBEE-685D-4C89-B92E-72D5071F881F}.Release|Any CPU.Build.0 = Release|Any CPU
		{13B58302-300A-4EF8-A775-93E1FCD83E70}.Debug|Any CPU.ActiveCfg = Debug|Any CPU
		{13B58302-300A-4EF8-A775-93E1FCD83E70}.Debug|Any CPU.Build.0 = Debug|Any CPU
		{13B58302-300A-4EF8-A775-93E1FCD83E70}.Release|Any CPU.ActiveCfg = Release|Any CPU
		{13B58302-300A-4EF8-A775-93E1FCD83E70}.Release|Any CPU.Build.0 = Release|Any CPU
	EndGlobalSection
EndGlobal
